// !$*UTF8*$!
{
	archiveVersion = 1;
	classes = {
	};
	objectVersion = 50;
	objects = {

/* Begin PBXBuildFile section */
		828DC4CB224CBA1800D691C4 /* AppDelegate.m in Sources */ = {isa = PBXBuildFile; fileRef = 828DC4CA224CBA1800D691C4 /* AppDelegate.m */; };
		828DC4CE224CBA1800D691C4 /* ViewController.m in Sources */ = {isa = PBXBuildFile; fileRef = 828DC4CD224CBA1800D691C4 /* ViewController.m */; };
		828DC4D1224CBA1800D691C4 /* Main.storyboard in Resources */ = {isa = PBXBuildFile; fileRef = 828DC4CF224CBA1800D691C4 /* Main.storyboard */; };
		828DC4D3224CBA1900D691C4 /* Assets.xcassets in Resources */ = {isa = PBXBuildFile; fileRef = 828DC4D2224CBA1900D691C4 /* Assets.xcassets */; };
		828DC4D6224CBA1A00D691C4 /* LaunchScreen.storyboard in Resources */ = {isa = PBXBuildFile; fileRef = 828DC4D4224CBA1900D691C4 /* LaunchScreen.storyboard */; };
		828DC4D9224CBA1A00D691C4 /* main.m in Sources */ = {isa = PBXBuildFile; fileRef = 828DC4D8224CBA1A00D691C4 /* main.m */; };
/* End PBXBuildFile section */

/* Begin PBXFileReference section */
		828DC4C6224CBA1800D691C4 /* cffsas.app */ = {isa = PBXFileReference; explicitFileType = wrapper.application; includeInIndex = 0; path = cffsas.app; sourceTree = BUILT_PRODUCTS_DIR; };
		828DC4C9224CBA1800D691C4 /* AppDelegate.h */ = {isa = PBXFileReference; lastKnownFileType = sourcecode.c.h; path = AppDelegate.h; sourceTree = "<group>"; };
		828DC4CA224CBA1800D691C4 /* AppDelegate.m */ = {isa = PBXFileReference; lastKnownFileType = sourcecode.c.objc; path = AppDelegate.m; sourceTree = "<group>"; };
		828DC4CC224CBA1800D691C4 /* ViewController.h */ = {isa = PBXFileReference; lastKnownFileType = sourcecode.c.h; path = ViewController.h; sourceTree = "<group>"; };
		828DC4CD224CBA1800D691C4 /* ViewController.m */ = {isa = PBXFileReference; lastKnownFileType = sourcecode.c.objc; path = ViewController.m; sourceTree = "<group>"; };
		828DC4D0224CBA1800D691C4 /* Base */ = {isa = PBXFileReference; lastKnownFileType = file.storyboard; name = Base; path = Base.lproj/Main.storyboard; sourceTree = "<group>"; };
		828DC4D2224CBA1900D691C4 /* Assets.xcassets */ = {isa = PBXFileReference; lastKnownFileType = folder.assetcatalog; path = Assets.xcassets; sourceTree = "<group>"; };
		828DC4D5224CBA1A00D691C4 /* Base */ = {isa = PBXFileReference; lastKnownFileType = file.storyboard; name = Base; path = Base.lproj/LaunchScreen.storyboard; sourceTree = "<group>"; };
		828DC4D7224CBA1A00D691C4 /* Info.plist */ = {isa = PBXFileReference; lastKnownFileType = text.plist.xml; path = Info.plist; sourceTree = "<group>"; };
		828DC4D8224CBA1A00D691C4 /* main.m */ = {isa = PBXFileReference; lastKnownFileType = sourcecode.c.objc; path = main.m; sourceTree = "<group>"; };
/* End PBXFileReference section */

/* Begin PBXFrameworksBuildPhase section */
		828DC4C3224CBA1800D691C4 /* Frameworks */ = {
			isa = PBXFrameworksBuildPhase;
			buildActionMask = 2147483647;
			files = (
			);
			runOnlyForDeploymentPostprocessing = 0;
		};
/* End PBXFrameworksBuildPhase section */

/* Begin PBXGroup section */
		828DC4BD224CBA1800D691C4 = {
			isa = PBXGroup;
			children = (
				828DC4C8224CBA1800D691C4 /* cffsas */,
				828DC4C7224CBA1800D691C4 /* Products */,
			);
			sourceTree = "<group>";
		};
		828DC4C7224CBA1800D691C4 /* Products */ = {
			isa = PBXGroup;
			children = (
				828DC4C6224CBA1800D691C4 /* cffsas.app */,
			);
			name = Products;
			sourceTree = "<group>";
		};
		828DC4C8224CBA1800D691C4 /* cffsas */ = {
			isa = PBXGroup;
			children = (
				828DC4C9224CBA1800D691C4 /* AppDelegate.h */,
				828DC4CA224CBA1800D691C4 /* AppDelegate.m */,
				828DC4CC224CBA1800D691C4 /* ViewController.h */,
				828DC4CD224CBA1800D691C4 /* ViewController.m */,
				828DC4CF224CBA1800D691C4 /* Main.storyboard */,
				828DC4D2224CBA1900D691C4 /* Assets.xcassets */,
				828DC4D4224CBA1900D691C4 /* LaunchScreen.storyboard */,
				828DC4D7224CBA1A00D691C4 /* Info.plist */,
				828DC4D8224CBA1A00D691C4 /* main.m */,
			);
			path = cffsas;
			sourceTree = "<group>";
		};
/* End PBXGroup section */

/* Begin PBXNativeTarget section */
		828DC4C5224CBA1800D691C4 /* cffsas */ = {
			isa = PBXNativeTarget;
			buildConfigurationList = 828DC4DC224CBA1A00D691C4 /* Build configuration list for PBXNativeTarget "cffsas" */;
			buildPhases = (
				828DC4C2224CBA1800D691C4 /* Sources */,
				828DC4C3224CBA1800D691C4 /* Frameworks */,
				828DC4C4224CBA1800D691C4 /* Resources */,
			);
			buildRules = (
			);
			dependencies = (
			);
			name = cffsas;
			productName = cffsas;
			productReference = 828DC4C6224CBA1800D691C4 /* cffsas.app */;
			productType = "com.apple.product-type.application";
		};
/* End PBXNativeTarget section */

/* Begin PBXProject section */
		828DC4BE224CBA1800D691C4 /* Project object */ = {
			isa = PBXProject;
			attributes = {
				LastUpgradeCheck = 1010;
				ORGANIZATIONNAME = resober;
				TargetAttributes = {
					828DC4C5224CBA1800D691C4 = {
						CreatedOnToolsVersion = 10.1;
					};
				};
			};
			buildConfigurationList = 828DC4C1224CBA1800D691C4 /* Build configuration list for PBXProject "cffsas" */;
			compatibilityVersion = "Xcode 9.3";
			developmentRegion = en;
			hasScannedForEncodings = 0;
			knownRegions = (
				en,
				Base,
			);
			mainGroup = 828DC4BD224CBA1800D691C4;
			productRefGroup = 828DC4C7224CBA1800D691C4 /* Products */;
			projectDirPath = "";
			projectRoot = "";
			targets = (
				828DC4C5224CBA1800D691C4 /* cffsas */,
			);
		};
/* End PBXProject section */

/* Begin PBXResourcesBuildPhase section */
		828DC4C4224CBA1800D691C4 /* Resources */ = {
			isa = PBXResourcesBuildPhase;
			buildActionMask = 2147483647;
			files = (
				828DC4D6224CBA1A00D691C4 /* LaunchScreen.storyboard in Resources */,
				828DC4D3224CBA1900D691C4 /* Assets.xcassets in Resources */,
				828DC4D1224CBA1800D691C4 /* Main.storyboard in Resources */,
			);
			runOnlyForDeploymentPostprocessing = 0;
		};
/* End PBXResourcesBuildPhase section */

/* Begin PBXSourcesBuildPhase section */
		828DC4C2224CBA1800D691C4 /* Sources */ = {
			isa = PBXSourcesBuildPhase;
			buildActionMask = 2147483647;
			files = (
				828DC4CE224CBA1800D691C4 /* ViewController.m in Sources */,
				828DC4D9224CBA1A00D691C4 /* main.m in Sources */,
				828DC4CB224CBA1800D691C4 /* AppDelegate.m in Sources */,
			);
			runOnlyForDeploymentPostprocessing = 0;
		};
/* End PBXSourcesBuildPhase section */

/* Begin PBXVariantGroup section */
		828DC4CF224CBA1800D691C4 /* Main.storyboard */ = {
			isa = PBXVariantGroup;
			children = (
				828DC4D0224CBA1800D691C4 /* Base */,
			);
			name = Main.storyboard;
			sourceTree = "<group>";
		};
		828DC4D4224CBA1900D691C4 /* LaunchScreen.storyboard */ = {
			isa = PBXVariantGroup;
			children = (
				828DC4D5224CBA1A00D691C4 /* Base */,
			);
			name = LaunchScreen.storyboard;
			sourceTree = "<group>";
		};
/* End PBXVariantGroup section */

/* Begin XCBuildConfiguration section */
		828DC4DA224CBA1A00D691C4 /* Debug */ = {
			isa = XCBuildConfiguration;
			buildSettings = {
				ALWAYS_SEARCH_USER_PATHS = NO;
				CLANG_ANALYZER_NONNULL = YES;
				CLANG_ANALYZER_NUMBER_OBJECT_CONVERSION = YES_AGGRESSIVE;
				CLANG_CXX_LANGUAGE_STANDARD = "gnu++14";
				CLANG_CXX_LIBRARY = "libc++";
				CLANG_ENABLE_MODULES = YES;
				CLANG_ENABLE_OBJC_ARC = YES;
				CLANG_ENABLE_OBJC_WEAK = YES;
				CLANG_WARN_BLOCK_CAPTURE_AUTORELEASING = YES;
				CLANG_WARN_BOOL_CONVERSION = YES;
				CLANG_WARN_COMMA = YES;
				CLANG_WARN_CONSTANT_CONVERSION = YES;
				CLANG_WARN_DEPRECATED_OBJC_IMPLEMENTATIONS = YES;
				CLANG_WARN_DIRECT_OBJC_ISA_USAGE = YES_ERROR;
				CLANG_WARN_DOCUMENTATION_COMMENTS = YES;
				CLANG_WARN_EMPTY_BODY = YES;
				CLANG_WARN_ENUM_CONVERSION = YES;
				CLANG_WARN_INFINITE_RECURSION = YES;
				CLANG_WARN_INT_CONVERSION = YES;
				CLANG_WARN_NON_LITERAL_NULL_CONVERSION = YES;
				CLANG_WARN_OBJC_IMPLICIT_RETAIN_SELF = YES;
				CLANG_WARN_OBJC_LITERAL_CONVERSION = YES;
				CLANG_WARN_OBJC_ROOT_CLASS = YES_ERROR;
				CLANG_WARN_RANGE_LOOP_ANALYSIS = YES;
				CLANG_WARN_STRICT_PROTOTYPES = YES;
				CLANG_WARN_SUSPICIOUS_MOVE = YES;
				CLANG_WARN_UNGUARDED_AVAILABILITY = YES_AGGRESSIVE;
				CLANG_WARN_UNREACHABLE_CODE = YES;
				CLANG_WARN__DUPLICATE_METHOD_MATCH = YES;
				CODE_SIGN_IDENTITY = "iPhone Developer";
				COPY_PHASE_STRIP = NO;
				DEBUG_INFORMATION_FORMAT = dwarf;
				ENABLE_STRICT_OBJC_MSGSEND = YES;
				ENABLE_TESTABILITY = YES;
				GCC_C_LANGUAGE_STANDARD = gnu11;
				GCC_DYNAMIC_NO_PIC = NO;
				GCC_NO_COMMON_BLOCKS = YES;
				GCC_OPTIMIZATION_LEVEL = 0;
				GCC_PREPROCESSOR_DEFINITIONS = (
					"DEBUG=1",
					"$(inherited)",
				);
				GCC_WARN_64_TO_32_BIT_CONVERSION = YES;
				GCC_WARN_ABOUT_RETURN_TYPE = YES_ERROR;
				GCC_WARN_UNDECLARED_SELECTOR = YES;
				GCC_WARN_UNINITIALIZED_AUTOS = YES_AGGRESSIVE;
				GCC_WARN_UNUSED_FUNCTION = YES;
				GCC_WARN_UNUSED_VARIABLE = YES;
				IPHONEOS_DEPLOYMENT_TARGET = 12.1;
				MTL_ENABLE_DEBUG_INFO = INCLUDE_SOURCE;
				MTL_FAST_MATH = YES;
				ONLY_ACTIVE_ARCH = YES;
				SDKROOT = iphoneos;
			};
			name = Debug;
		};
		828DC4DB224CBA1A00D691C4 /* Release */ = {
			isa = XCBuildConfiguration;
			buildSettings = {
				ALWAYS_SEARCH_USER_PATHS = NO;
				CLANG_ANALYZER_NONNULL = YES;
				CLANG_ANALYZER_NUMBER_OBJECT_CONVERSION = YES_AGGRESSIVE;
				CLANG_CXX_LANGUAGE_STANDARD = "gnu++14";
				CLANG_CXX_LIBRARY = "libc++";
				CLANG_ENABLE_MODULES = YES;
				CLANG_ENABLE_OBJC_ARC = YES;
				CLANG_ENABLE_OBJC_WEAK = YES;
				CLANG_WARN_BLOCK_CAPTURE_AUTORELEASING = YES;
				CLANG_WARN_BOOL_CONVERSION = YES;
				CLANG_WARN_COMMA = YES;
				CLANG_WARN_CONSTANT_CONVERSION = YES;
				CLANG_WARN_DEPRECATED_OBJC_IMPLEMENTATIONS = YES;
				CLANG_WARN_DIRECT_OBJC_ISA_USAGE = YES_ERROR;
				CLANG_WARN_DOCUMENTATION_COMMENTS = YES;
				CLANG_WARN_EMPTY_BODY = YES;
				CLANG_WARN_ENUM_CONVERSION = YES;
				CLANG_WARN_INFINITE_RECURSION = YES;
				CLANG_WARN_INT_CONVERSION = YES;
				CLANG_WARN_NON_LITERAL_NULL_CONVERSION = YES;
				CLANG_WARN_OBJC_IMPLICIT_RETAIN_SELF = YES;
				CLANG_WARN_OBJC_LITERAL_CONVERSION = YES;
				CLANG_WARN_OBJC_ROOT_CLASS = YES_ERROR;
				CLANG_WARN_RANGE_LOOP_ANALYSIS = YES;
				CLANG_WARN_STRICT_PROTOTYPES = YES;
				CLANG_WARN_SUSPICIOUS_MOVE = YES;
				CLANG_WARN_UNGUARDED_AVAILABILITY = YES_AGGRESSIVE;
				CLANG_WARN_UNREACHABLE_CODE = YES;
				CLANG_WARN__DUPLICATE_METHOD_MATCH = YES;
				CODE_SIGN_IDENTITY = "iPhone Developer";
				COPY_PHASE_STRIP = NO;
				DEBUG_INFORMATION_FORMAT = "dwarf-with-dsym";
				ENABLE_NS_ASSERTIONS = NO;
				ENABLE_STRICT_OBJC_MSGSEND = YES;
				GCC_C_LANGUAGE_STANDARD = gnu11;
				GCC_NO_COMMON_BLOCKS = YES;
				GCC_WARN_64_TO_32_BIT_CONVERSION = YES;
				GCC_WARN_ABOUT_RETURN_TYPE = YES_ERROR;
				GCC_WARN_UNDECLARED_SELECTOR = YES;
				GCC_WARN_UNINITIALIZED_AUTOS = YES_AGGRESSIVE;
				GCC_WARN_UNUSED_FUNCTION = YES;
				GCC_WARN_UNUSED_VARIABLE = YES;
				IPHONEOS_DEPLOYMENT_TARGET = 12.1;
				MTL_ENABLE_DEBUG_INFO = NO;
				MTL_FAST_MATH = YES;
				SDKROOT = iphoneos;
				VALIDATE_PRODUCT = YES;
			};
			name = Release;
		};
		828DC4DD224CBA1A00D691C4 /* Debug */ = {
			isa = XCBuildConfiguration;
			buildSettings = {
				ASSETCATALOG_COMPILER_APPICON_NAME = AppIcon;
				CODE_SIGN_STYLE = Automatic;
				DEVELOPMENT_TEAM = WFCHHM4YW4;
				INFOPLIST_FILE = cffsas/Info.plist;
				LD_RUNPATH_SEARCH_PATHS = (
					"$(inherited)",
					"@executable_path/Frameworks",
				);
				PRODUCT_BUNDLE_IDENTIFIER = resober.cffsas;
				PRODUCT_NAME = "$(TARGET_NAME)";
				TARGETED_DEVICE_FAMILY = "1,2";
			};
			name = Debug;
		};
		828DC4DE224CBA1A00D691C4 /* Release */ = {
			isa = XCBuildConfiguration;
			buildSettings = {
				ASSETCATALOG_COMPILER_APPICON_NAME = AppIcon;
				CODE_SIGN_STYLE = Automatic;
				DEVELOPMENT_TEAM = WFCHHM4YW4;
				INFOPLIST_FILE = cffsas/Info.plist;
				LD_RUNPATH_SEARCH_PATHS = (
					"$(inherited)",
					"@executable_path/Frameworks",
				);
				PRODUCT_BUNDLE_IDENTIFIER = resober.cffsas;
				PRODUCT_NAME = "$(TARGET_NAME)";
				TARGETED_DEVICE_FAMILY = "1,2";
			};
			name = Release;
		};
/* End XCBuildConfiguration section */

/* Begin XCConfigurationList section */
		828DC4C1224CBA1800D691C4 /* Build configuration list for PBXProject "cffsas" */ = {
			isa = XCConfigurationList;
			buildConfigurations = (
				828DC4DA224CBA1A00D691C4 /* Debug */,
				828DC4DB224CBA1A00D691C4 /* Release */,
			);
			defaultConfigurationIsVisible = 0;
			defaultConfigurationName = Release;
		};
		828DC4DC224CBA1A00D691C4 /* Build configuration list for PBXNativeTarget "cffsas" */ = {
			isa = XCConfigurationList;
			buildConfigurations = (
				828DC4DD224CBA1A00D691C4 /* Debug */,
				828DC4DE224CBA1A00D691C4 /* Release */,
			);
			defaultConfigurationIsVisible = 0;
			defaultConfigurationName = Release;
		};
/* End XCConfigurationList section */
	};
	rootObject = 828DC4BE224CBA1800D691C4 /* Project object */;
}
